
Microsoft Visual Studio Solution File, Format Version 12.00
# Visual Studio Version 16
VisualStudioVersion = 16.0.28729.10
MinimumVisualStudioVersion = 10.0.40219.1
Project("{FAE04EC0-301F-11D3-BF4B-00C04F79EFBC}") = "Algorithym", "Algorithym.csproj", "{B118999F-1017-42A4-9DE7-9343CF1E337B}"
EndProject
Global
	GlobalSection(SolutionConfigurationPlatforms) = preSolution
		Debug|Any CPU = Debug|Any CPU
		Release|Any CPU = Release|Any CPU
	EndGlobalSection
	GlobalSection(ProjectConfigurationPlatforms) = postSolution
		{B118999F-1017-42A4-9DE7-9343CF1E337B}.Debug|Any CPU.ActiveCfg = Debug|Any CPU
		{B118999F-1017-42A4-9DE7-9343CF1E337B}.Debug|Any CPU.Build.0 = Debug|Any CPU
		{B118999F-1017-42A4-9DE7-9343CF1E337B}.Release|Any CPU.ActiveCfg = Release|Any CPU
		{B118999F-1017-42A4-9DE7-9343CF1E337B}.Release|Any CPU.Build.0 = Release|Any CPU
	EndGlobalSection
	GlobalSection(SolutionProperties) = preSolution
		HideSolutionNode = FALSE
	EndGlobalSection
	GlobalSection(ExtensibilityGlobals) = postSolution
		SolutionGuid = {302996E5-F99A-43BD-9905-9483861531A0}
	EndGlobalSection
EndGlobal
